
Microsoft Visual Studio Solution File, Format Version 12.00
# Visual Studio 15
VisualStudioVersion = 15.0.28307.421
MinimumVisualStudioVersion = 10.0.40219.1
Project("{FAE04EC0-301F-11D3-BF4B-00C04F79EFBC}") = "Hackathon2019", "Hackathon2019\Hackathon2019.csproj", "{BE6C6747-C9AB-4C29-817A-822038A728AC}"
EndProject
Global
	GlobalSection(SolutionConfigurationPlatforms) = preSolution
		Debug|Any CPU = Debug|Any CPU
		Release|Any CPU = Release|Any CPU
	EndGlobalSection
	GlobalSection(ProjectConfigurationPlatforms) = postSolution
		{BE6C6747-C9AB-4C29-817A-822038A728AC}.Debug|Any CPU.ActiveCfg = Debug|Any CPU
		{BE6C6747-C9AB-4C29-817A-822038A728AC}.Debug|Any CPU.Build.0 = Debug|Any CPU
		{BE6C6747-C9AB-4C29-817A-822038A728AC}.Debug|Any CPU.Deploy.0 = Debug|Any CPU
		{BE6C6747-C9AB-4C29-817A-822038A728AC}.Release|Any CPU.ActiveCfg = Release|Any CPU
		{BE6C6747-C9AB-4C29-817A-822038A728AC}.Release|Any CPU.Build.0 = Release|Any CPU
		{BE6C6747-C9AB-4C29-817A-822038A728AC}.Release|Any CPU.Deploy.0 = Release|Any CPU
	EndGlobalSection
	GlobalSection(SolutionProperties) = preSolution
		HideSolutionNode = FALSE
	EndGlobalSection
	GlobalSection(ExtensibilityGlobals) = postSolution
		SolutionGuid = {602885C8-C009-4C63-AEED-EA5998732998}
	EndGlobalSection
EndGlobal
